
Microsoft Visual Studio Solution File, Format Version 12.00
# Visual Studio Version 17
VisualStudioVersion = 17.11.35222.181
MinimumVisualStudioVersion = 10.0.40219.1
Project("{FAE04EC0-301F-11D3-BF4B-00C04F79EFBC}") = "MultiThreadingApp", "MultiThreadingApp.csproj", "{2E832DD1-54AE-4479-B9FE-23F974B0DAB3}"
EndProject
Global
	GlobalSection(SolutionConfigurationPlatforms) = preSolution
		Debug|Any CPU = Debug|Any CPU
		Release|Any CPU = Release|Any CPU
	EndGlobalSection
	GlobalSection(ProjectConfigurationPlatforms) = postSolution
		{2E832DD1-54AE-4479-B9FE-23F974B0DAB3}.Debug|Any CPU.ActiveCfg = Debug|Any CPU
		{2E832DD1-54AE-4479-B9FE-23F974B0DAB3}.Debug|Any CPU.Build.0 = Debug|Any CPU
		{2E832DD1-54AE-4479-B9FE-23F974B0DAB3}.Release|Any CPU.ActiveCfg = Release|Any CPU
		{2E832DD1-54AE-4479-B9FE-23F974B0DAB3}.Release|Any CPU.Build.0 = Release|Any CPU
	EndGlobalSection
	GlobalSection(SolutionProperties) = preSolution
		HideSolutionNode = FALSE
	EndGlobalSection
	GlobalSection(ExtensibilityGlobals) = postSolution
		SolutionGuid = {F6F601BE-B803-490F-BC60-A38B35F466F7}
	EndGlobalSection
EndGlobal
